
Microsoft Visual Studio Solution File, Format Version 12.00
# Visual Studio Version 16
VisualStudioVersion = 16.0.29403.142
MinimumVisualStudioVersion = 10.0.40219.1
Project("{9A19103F-16F7-4668-BE54-9A1E7A4F7556}") = "BeautySalonManager", "BeautySalonManager.csproj", "{06A8A7F4-2178-46F6-AFF5-E75E359ACD52}"
EndProject
Global
	GlobalSection(SolutionConfigurationPlatforms) = preSolution
		Debug|Any CPU = Debug|Any CPU
		Release|Any CPU = Release|Any CPU
	EndGlobalSection
	GlobalSection(ProjectConfigurationPlatforms) = postSolution
		{06A8A7F4-2178-46F6-AFF5-E75E359ACD52}.Debug|Any CPU.ActiveCfg = Debug|Any CPU
		{06A8A7F4-2178-46F6-AFF5-E75E359ACD52}.Debug|Any CPU.Build.0 = Debug|Any CPU
		{06A8A7F4-2178-46F6-AFF5-E75E359ACD52}.Release|Any CPU.ActiveCfg = Release|Any CPU
		{06A8A7F4-2178-46F6-AFF5-E75E359ACD52}.Release|Any CPU.Build.0 = Release|Any CPU
	EndGlobalSection
	GlobalSection(SolutionProperties) = preSolution
		HideSolutionNode = FALSE
	EndGlobalSection
	GlobalSection(ExtensibilityGlobals) = postSolution
		SolutionGuid = {0EA20D92-4EDE-4041-8477-520B095FD67C}
	EndGlobalSection
EndGlobal
